// !$*UTF8*$!
{
	archiveVersion = 1;
	classes = {
	};
	objectVersion = 56;
	objects = {

/* Begin PBXBuildFile section */
		D61DB4732C90C888001CC836 /* Profile_PageApp.swift in Sources */ = {isa = PBXBuildFile; fileRef = D61DB4722C90C888001CC836 /* Profile_PageApp.swift */; };
		D61DB4752C90C888001CC836 /* ContentView.swift in Sources */ = {isa = PBXBuildFile; fileRef = D61DB4742C90C888001CC836 /* ContentView.swift */; };
		D61DB4772C90C88A001CC836 /* Assets.xcassets in Resources */ = {isa = PBXBuildFile; fileRef = D61DB4762C90C88A001CC836 /* Assets.xcassets */; };
		D61DB47A2C90C88A001CC836 /* Preview Assets.xcassets in Resources */ = {isa = PBXBuildFile; fileRef = D61DB4792C90C88A001CC836 /* Preview Assets.xcassets */; };
		D61DB4842C90C88A001CC836 /* Profile_PageTests.swift in Sources */ = {isa = PBXBuildFile; fileRef = D61DB4832C90C88A001CC836 /* Profile_PageTests.swift */; };
		D61DB48E2C90C88A001CC836 /* Profile_PageUITests.swift in Sources */ = {isa = PBXBuildFile; fileRef = D61DB48D2C90C88A001CC836 /* Profile_PageUITests.swift */; };
		D61DB4902C90C88A001CC836 /* Profile_PageUITestsLaunchTests.swift in Sources */ = {isa = PBXBuildFile; fileRef = D61DB48F2C90C88A001CC836 /* Profile_PageUITestsLaunchTests.swift */; };
		D61DB49D2C90C8E9001CC836 /* SignUpPage.swift in Sources */ = {isa = PBXBuildFile; fileRef = D61DB49C2C90C8E9001CC836 /* SignUpPage.swift */; };
/* End PBXBuildFile section */

/* Begin PBXContainerItemProxy section */
		D61DB4802C90C88A001CC836 /* PBXContainerItemProxy */ = {
			isa = PBXContainerItemProxy;
			containerPortal = D61DB4672C90C888001CC836 /* Project object */;
			proxyType = 1;
			remoteGlobalIDString = D61DB46E2C90C888001CC836;
			remoteInfo = "Profile Page";
		};
		D61DB48A2C90C88A001CC836 /* PBXContainerItemProxy */ = {
			isa = PBXContainerItemProxy;
			containerPortal = D61DB4672C90C888001CC836 /* Project object */;
			proxyType = 1;
			remoteGlobalIDString = D61DB46E2C90C888001CC836;
			remoteInfo = "Profile Page";
		};
/* End PBXContainerItemProxy section */

/* Begin PBXFileReference section */
		D61DB46F2C90C888001CC836 /* Profile Page.app */ = {isa = PBXFileReference; explicitFileType = wrapper.application; includeInIndex = 0; path = "Profile Page.app"; sourceTree = BUILT_PRODUCTS_DIR; };
		D61DB4722C90C888001CC836 /* Profile_PageApp.swift */ = {isa = PBXFileReference; lastKnownFileType = sourcecode.swift; path = Profile_PageApp.swift; sourceTree = "<group>"; };
		D61DB4742C90C888001CC836 /* ContentView.swift */ = {isa = PBXFileReference; lastKnownFileType = sourcecode.swift; path = ContentView.swift; sourceTree = "<group>"; };
		D61DB4762C90C88A001CC836 /* Assets.xcassets */ = {isa = PBXFileReference; lastKnownFileType = folder.assetcatalog; path = Assets.xcassets; sourceTree = "<group>"; };
		D61DB4792C90C88A001CC836 /* Preview Assets.xcassets */ = {isa = PBXFileReference; lastKnownFileType = folder.assetcatalog; path = "Preview Assets.xcassets"; sourceTree = "<group>"; };
		D61DB47F2C90C88A001CC836 /* Profile PageTests.xctest */ = {isa = PBXFileReference; explicitFileType = wrapper.cfbundle; includeInIndex = 0; path = "Profile PageTests.xctest"; sourceTree = BUILT_PRODUCTS_DIR; };
		D61DB4832C90C88A001CC836 /* Profile_PageTests.swift */ = {isa = PBXFileReference; lastKnownFileType = sourcecode.swift; path = Profile_PageTests.swift; sourceTree = "<group>"; };
		D61DB4892C90C88A001CC836 /* Profile PageUITests.xctest */ = {isa = PBXFileReference; explicitFileType = wrapper.cfbundle; includeInIndex = 0; path = "Profile PageUITests.xctest"; sourceTree = BUILT_PRODUCTS_DIR; };
		D61DB48D2C90C88A001CC836 /* Profile_PageUITests.swift */ = {isa = PBXFileReference; lastKnownFileType = sourcecode.swift; path = Profile_PageUITests.swift; sourceTree = "<group>"; };
		D61DB48F2C90C88A001CC836 /* Profile_PageUITestsLaunchTests.swift */ = {isa = PBXFileReference; lastKnownFileType = sourcecode.swift; path = Profile_PageUITestsLaunchTests.swift; sourceTree = "<group>"; };
		D61DB49C2C90C8E9001CC836 /* SignUpPage.swift */ = {isa = PBXFileReference; lastKnownFileType = sourcecode.swift; path = SignUpPage.swift; sourceTree = "<group>"; };
/* End PBXFileReference section */

/* Begin PBXFrameworksBuildPhase section */
		D61DB46C2C90C888001CC836 /* Frameworks */ = {
			isa = PBXFrameworksBuildPhase;
			buildActionMask = 2147483647;
			files = (
			);
			runOnlyForDeploymentPostprocessing = 0;
		};
		D61DB47C2C90C88A001CC836 /* Frameworks */ = {
			isa = PBXFrameworksBuildPhase;
			buildActionMask = 2147483647;
			files = (
			);
			runOnlyForDeploymentPostprocessing = 0;
		};
		D61DB4862C90C88A001CC836 /* Frameworks */ = {
			isa = PBXFrameworksBuildPhase;
			buildActionMask = 2147483647;
			files = (
			);
			runOnlyForDeploymentPostprocessing = 0;
		};
/* End PBXFrameworksBuildPhase section */

/* Begin PBXGroup section */
		D61DB4662C90C888001CC836 = {
			isa = PBXGroup;
			children = (
				D61DB4712C90C888001CC836 /* Profile Page */,
				D61DB4822C90C88A001CC836 /* Profile PageTests */,
				D61DB48C2C90C88A001CC836 /* Profile PageUITests */,
				D61DB4702C90C888001CC836 /* Products */,
			);
			sourceTree = "<group>";
		};
		D61DB4702C90C888001CC836 /* Products */ = {
			isa = PBXGroup;
			children = (
				D61DB46F2C90C888001CC836 /* Profile Page.app */,
				D61DB47F2C90C88A001CC836 /* Profile PageTests.xctest */,
				D61DB4892C90C88A001CC836 /* Profile PageUITests.xctest */,
			);
			name = Products;
			sourceTree = "<group>";
		};
		D61DB4712C90C888001CC836 /* Profile Page */ = {
			isa = PBXGroup;
			children = (
				D61DB4722C90C888001CC836 /* Profile_PageApp.swift */,
				D61DB4742C90C888001CC836 /* ContentView.swift */,
				D61DB49C2C90C8E9001CC836 /* SignUpPage.swift */,
				D61DB4762C90C88A001CC836 /* Assets.xcassets */,
				D61DB4782C90C88A001CC836 /* Preview Content */,
			);
			path = "Profile Page";
			sourceTree = "<group>";
		};
		D61DB4782C90C88A001CC836 /* Preview Content */ = {
			isa = PBXGroup;
			children = (
				D61DB4792C90C88A001CC836 /* Preview Assets.xcassets */,
			);
			path = "Preview Content";
			sourceTree = "<group>";
		};
		D61DB4822C90C88A001CC836 /* Profile PageTests */ = {
			isa = PBXGroup;
			children = (
				D61DB4832C90C88A001CC836 /* Profile_PageTests.swift */,
			);
			path = "Profile PageTests";
			sourceTree = "<group>";
		};
		D61DB48C2C90C88A001CC836 /* Profile PageUITests */ = {
			isa = PBXGroup;
			children = (
				D61DB48D2C90C88A001CC836 /* Profile_PageUITests.swift */,
				D61DB48F2C90C88A001CC836 /* Profile_PageUITestsLaunchTests.swift */,
			);
			path = "Profile PageUITests";
			sourceTree = "<group>";
		};
/* End PBXGroup section */

/* Begin PBXNativeTarget section */
		D61DB46E2C90C888001CC836 /* Profile Page */ = {
			isa = PBXNativeTarget;
			buildConfigurationList = D61DB4932C90C88A001CC836 /* Build configuration list for PBXNativeTarget "Profile Page" */;
			buildPhases = (
				D61DB46B2C90C888001CC836 /* Sources */,
				D61DB46C2C90C888001CC836 /* Frameworks */,
				D61DB46D2C90C888001CC836 /* Resources */,
			);
			buildRules = (
			);
			dependencies = (
			);
			name = "Profile Page";
			productName = "Profile Page";
			productReference = D61DB46F2C90C888001CC836 /* Profile Page.app */;
			productType = "com.apple.product-type.application";
		};
		D61DB47E2C90C88A001CC836 /* Profile PageTests */ = {
			isa = PBXNativeTarget;
			buildConfigurationList = D61DB4962C90C88A001CC836 /* Build configuration list for PBXNativeTarget "Profile PageTests" */;
			buildPhases = (
				D61DB47B2C90C88A001CC836 /* Sources */,
				D61DB47C2C90C88A001CC836 /* Frameworks */,
				D61DB47D2C90C88A001CC836 /* Resources */,
			);
			buildRules = (
			);
			dependencies = (
				D61DB4812C90C88A001CC836 /* PBXTargetDependency */,
			);
			name = "Profile PageTests";
			productName = "Profile PageTests";
			productReference = D61DB47F2C90C88A001CC836 /* Profile PageTests.xctest */;
			productType = "com.apple.product-type.bundle.unit-test";
		};
		D61DB4882C90C88A001CC836 /* Profile PageUITests */ = {
			isa = PBXNativeTarget;
			buildConfigurationList = D61DB4992C90C88A001CC836 /* Build configuration list for PBXNativeTarget "Profile PageUITests" */;
			buildPhases = (
				D61DB4852C90C88A001CC836 /* Sources */,
				D61DB4862C90C88A001CC836 /* Frameworks */,
				D61DB4872C90C88A001CC836 /* Resources */,
			);
			buildRules = (
			);
			dependencies = (
				D61DB48B2C90C88A001CC836 /* PBXTargetDependency */,
			);
			name = "Profile PageUITests";
			productName = "Profile PageUITests";
			productReference = D61DB4892C90C88A001CC836 /* Profile PageUITests.xctest */;
			productType = "com.apple.product-type.bundle.ui-testing";
		};
/* End PBXNativeTarget section */

/* Begin PBXProject section */
		D61DB4672C90C888001CC836 /* Project object */ = {
			isa = PBXProject;
			attributes = {
				BuildIndependentTargetsInParallel = 1;
				LastSwiftUpdateCheck = 1540;
				LastUpgradeCheck = 1540;
				TargetAttributes = {
					D61DB46E2C90C888001CC836 = {
						CreatedOnToolsVersion = 15.4;
					};
					D61DB47E2C90C88A001CC836 = {
						CreatedOnToolsVersion = 15.4;
						TestTargetID = D61DB46E2C90C888001CC836;
					};
					D61DB4882C90C88A001CC836 = {
						CreatedOnToolsVersion = 15.4;
						TestTargetID = D61DB46E2C90C888001CC836;
					};
				};
			};
			buildConfigurationList = D61DB46A2C90C888001CC836 /* Build configuration list for PBXProject "Profile Page" */;
			compatibilityVersion = "Xcode 14.0";
			developmentRegion = en;
			hasScannedForEncodings = 0;
			knownRegions = (
				en,
				Base,
			);
			mainGroup = D61DB4662C90C888001CC836;
			productRefGroup = D61DB4702C90C888001CC836 /* Products */;
			projectDirPath = "";
			projectRoot = "";
			targets = (
				D61DB46E2C90C888001CC836 /* Profile Page */,
				D61DB47E2C90C88A001CC836 /* Profile PageTests */,
				D61DB4882C90C88A001CC836 /* Profile PageUITests */,
			);
		};
/* End PBXProject section */

/* Begin PBXResourcesBuildPhase section */
		D61DB46D2C90C888001CC836 /* Resources */ = {
			isa = PBXResourcesBuildPhase;
			buildActionMask = 2147483647;
			files = (
				D61DB47A2C90C88A001CC836 /* Preview Assets.xcassets in Resources */,
				D61DB4772C90C88A001CC836 /* Assets.xcassets in Resources */,
			);
			runOnlyForDeploymentPostprocessing = 0;
		};
		D61DB47D2C90C88A001CC836 /* Resources */ = {
			isa = PBXResourcesBuildPhase;
			buildActionMask = 2147483647;
			files = (
			);
			runOnlyForDeploymentPostprocessing = 0;
		};
		D61DB4872C90C88A001CC836 /* Resources */ = {
			isa = PBXResourcesBuildPhase;
			buildActionMask = 2147483647;
			files = (
			);
			runOnlyForDeploymentPostprocessing = 0;
		};
/* End PBXResourcesBuildPhase section */

/* Begin PBXSourcesBuildPhase section */
		D61DB46B2C90C888001CC836 /* Sources */ = {
			isa = PBXSourcesBuildPhase;
			buildActionMask = 2147483647;
			files = (
				D61DB49D2C90C8E9001CC836 /* SignUpPage.swift in Sources */,
				D61DB4752C90C888001CC836 /* ContentView.swift in Sources */,
				D61DB4732C90C888001CC836 /* Profile_PageApp.swift in Sources */,
			);
			runOnlyForDeploymentPostprocessing = 0;
		};
		D61DB47B2C90C88A001CC836 /* Sources */ = {
			isa = PBXSourcesBuildPhase;
			buildActionMask = 2147483647;
			files = (
				D61DB4842C90C88A001CC836 /* Profile_PageTests.swift in Sources */,
			);
			runOnlyForDeploymentPostprocessing = 0;
		};
		D61DB4852C90C88A001CC836 /* Sources */ = {
			isa = PBXSourcesBuildPhase;
			buildActionMask = 2147483647;
			files = (
				D61DB48E2C90C88A001CC836 /* Profile_PageUITests.swift in Sources */,
				D61DB4902C90C88A001CC836 /* Profile_PageUITestsLaunchTests.swift in Sources */,
			);
			runOnlyForDeploymentPostprocessing = 0;
		};
/* End PBXSourcesBuildPhase section */

/* Begin PBXTargetDependency section */
		D61DB4812C90C88A001CC836 /* PBXTargetDependency */ = {
			isa = PBXTargetDependency;
			target = D61DB46E2C90C888001CC836 /* Profile Page */;
			targetProxy = D61DB4802C90C88A001CC836 /* PBXContainerItemProxy */;
		};
		D61DB48B2C90C88A001CC836 /* PBXTargetDependency */ = {
			isa = PBXTargetDependency;
			target = D61DB46E2C90C888001CC836 /* Profile Page */;
			targetProxy = D61DB48A2C90C88A001CC836 /* PBXContainerItemProxy */;
		};
/* End PBXTargetDependency section */

/* Begin XCBuildConfiguration section */
		D61DB4912C90C88A001CC836 /* Debug */ = {
			isa = XCBuildConfiguration;
			buildSettings = {
				ALWAYS_SEARCH_USER_PATHS = NO;
				ASSETCATALOG_COMPILER_GENERATE_SWIFT_ASSET_SYMBOL_EXTENSIONS = YES;
				CLANG_ANALYZER_NONNULL = YES;
				CLANG_ANALYZER_NUMBER_OBJECT_CONVERSION = YES_AGGRESSIVE;
				CLANG_CXX_LANGUAGE_STANDARD = "gnu++20";
				CLANG_ENABLE_MODULES = YES;
				CLANG_ENABLE_OBJC_ARC = YES;
				CLANG_ENABLE_OBJC_WEAK = YES;
				CLANG_WARN_BLOCK_CAPTURE_AUTORELEASING = YES;
				CLANG_WARN_BOOL_CONVERSION = YES;
				CLANG_WARN_COMMA = YES;
				CLANG_WARN_CONSTANT_CONVERSION = YES;
				CLANG_WARN_DEPRECATED_OBJC_IMPLEMENTATIONS = YES;
				CLANG_WARN_DIRECT_OBJC_ISA_USAGE = YES_ERROR;
				CLANG_WARN_DOCUMENTATION_COMMENTS = YES;
				CLANG_WARN_EMPTY_BODY = YES;
				CLANG_WARN_ENUM_CONVERSION = YES;
				CLANG_WARN_INFINITE_RECURSION = YES;
				CLANG_WARN_INT_CONVERSION = YES;
				CLANG_WARN_NON_LITERAL_NULL_CONVERSION = YES;
				CLANG_WARN_OBJC_IMPLICIT_RETAIN_SELF = YES;
				CLANG_WARN_OBJC_LITERAL_CONVERSION = YES;
				CLANG_WARN_OBJC_ROOT_CLASS = YES_ERROR;
				CLANG_WARN_QUOTED_INCLUDE_IN_FRAMEWORK_HEADER = YES;
				CLANG_WARN_RANGE_LOOP_ANALYSIS = YES;
				CLANG_WARN_STRICT_PROTOTYPES = YES;
				CLANG_WARN_SUSPICIOUS_MOVE = YES;
				CLANG_WARN_UNGUARDED_AVAILABILITY = YES_AGGRESSIVE;
				CLANG_WARN_UNREACHABLE_CODE = YES;
				CLANG_WARN__DUPLICATE_METHOD_MATCH = YES;
				COPY_PHASE_STRIP = NO;
				DEBUG_INFORMATION_FORMAT = dwarf;
				ENABLE_STRICT_OBJC_MSGSEND = YES;
				ENABLE_TESTABILITY = YES;
				ENABLE_USER_SCRIPT_SANDBOXING = YES;
				GCC_C_LANGUAGE_STANDARD = gnu17;
				GCC_DYNAMIC_NO_PIC = NO;
				GCC_NO_COMMON_BLOCKS = YES;
				GCC_OPTIMIZATION_LEVEL = 0;
				GCC_PREPROCESSOR_DEFINITIONS = (
					"DEBUG=1",
					"$(inherited)",
				);
				GCC_WARN_64_TO_32_BIT_CONVERSION = YES;
				GCC_WARN_ABOUT_RETURN_TYPE = YES_ERROR;
				GCC_WARN_UNDECLARED_SELECTOR = YES;
				GCC_WARN_UNINITIALIZED_AUTOS = YES_AGGRESSIVE;
				GCC_WARN_UNUSED_FUNCTION = YES;
				GCC_WARN_UNUSED_VARIABLE = YES;
				IPHONEOS_DEPLOYMENT_TARGET = 17.5;
				LOCALIZATION_PREFERS_STRING_CATALOGS = YES;
				MTL_ENABLE_DEBUG_INFO = INCLUDE_SOURCE;
				MTL_FAST_MATH = YES;
				ONLY_ACTIVE_ARCH = YES;
				SDKROOT = iphoneos;
				SWIFT_ACTIVE_COMPILATION_CONDITIONS = "DEBUG $(inherited)";
				SWIFT_OPTIMIZATION_LEVEL = "-Onone";
			};
			name = Debug;
		};
		D61DB4922C90C88A001CC836 /* Release */ = {
			isa = XCBuildConfiguration;
			buildSettings = {
				ALWAYS_SEARCH_USER_PATHS = NO;
				ASSETCATALOG_COMPILER_GENERATE_SWIFT_ASSET_SYMBOL_EXTENSIONS = YES;
				CLANG_ANALYZER_NONNULL = YES;
				CLANG_ANALYZER_NUMBER_OBJECT_CONVERSION = YES_AGGRESSIVE;
				CLANG_CXX_LANGUAGE_STANDARD = "gnu++20";
				CLANG_ENABLE_MODULES = YES;
				CLANG_ENABLE_OBJC_ARC = YES;
				CLANG_ENABLE_OBJC_WEAK = YES;
				CLANG_WARN_BLOCK_CAPTURE_AUTORELEASING = YES;
				CLANG_WARN_BOOL_CONVERSION = YES;
				CLANG_WARN_COMMA = YES;
				CLANG_WARN_CONSTANT_CONVERSION = YES;
				CLANG_WARN_DEPRECATED_OBJC_IMPLEMENTATIONS = YES;
				CLANG_WARN_DIRECT_OBJC_ISA_USAGE = YES_ERROR;
				CLANG_WARN_DOCUMENTATION_COMMENTS = YES;
				CLANG_WARN_EMPTY_BODY = YES;
				CLANG_WARN_ENUM_CONVERSION = YES;
				CLANG_WARN_INFINITE_RECURSION = YES;
				CLANG_WARN_INT_CONVERSION = YES;
				CLANG_WARN_NON_LITERAL_NULL_CONVERSION = YES;
				CLANG_WARN_OBJC_IMPLICIT_RETAIN_SELF = YES;
				CLANG_WARN_OBJC_LITERAL_CONVERSION = YES;
				CLANG_WARN_OBJC_ROOT_CLASS = YES_ERROR;
				CLANG_WARN_QUOTED_INCLUDE_IN_FRAMEWORK_HEADER = YES;
				CLANG_WARN_RANGE_LOOP_ANALYSIS = YES;
				CLANG_WARN_STRICT_PROTOTYPES = YES;
				CLANG_WARN_SUSPICIOUS_MOVE = YES;
				CLANG_WARN_UNGUARDED_AVAILABILITY = YES_AGGRESSIVE;
				CLANG_WARN_UNREACHABLE_CODE = YES;
				CLANG_WARN__DUPLICATE_METHOD_MATCH = YES;
				COPY_PHASE_STRIP = NO;
				DEBUG_INFORMATION_FORMAT = "dwarf-with-dsym";
				ENABLE_NS_ASSERTIONS = NO;
				ENABLE_STRICT_OBJC_MSGSEND = YES;
				ENABLE_USER_SCRIPT_SANDBOXING = YES;
				GCC_C_LANGUAGE_STANDARD = gnu17;
				GCC_NO_COMMON_BLOCKS = YES;
				GCC_WARN_64_TO_32_BIT_CONVERSION = YES;
				GCC_WARN_ABOUT_RETURN_TYPE = YES_ERROR;
				GCC_WARN_UNDECLARED_SELECTOR = YES;
				GCC_WARN_UNINITIALIZED_AUTOS = YES_AGGRESSIVE;
				GCC_WARN_UNUSED_FUNCTION = YES;
				GCC_WARN_UNUSED_VARIABLE = YES;
				IPHONEOS_DEPLOYMENT_TARGET = 17.5;
				LOCALIZATION_PREFERS_STRING_CATALOGS = YES;
				MTL_ENABLE_DEBUG_INFO = NO;
				MTL_FAST_MATH = YES;
				SDKROOT = iphoneos;
				SWIFT_COMPILATION_MODE = wholemodule;
				VALIDATE_PRODUCT = YES;
			};
			name = Release;
		};
		D61DB4942C90C88A001CC836 /* Debug */ = {
			isa = XCBuildConfiguration;
			buildSettings = {
				ASSETCATALOG_COMPILER_APPICON_NAME = AppIcon;
				ASSETCATALOG_COMPILER_GLOBAL_ACCENT_COLOR_NAME = AccentColor;
				CODE_SIGN_STYLE = Automatic;
				CURRENT_PROJECT_VERSION = 1;
				DEVELOPMENT_ASSET_PATHS = "\"Profile Page/Preview Content\"";
				ENABLE_PREVIEWS = YES;
				GENERATE_INFOPLIST_FILE = YES;
				INFOPLIST_KEY_UIApplicationSceneManifest_Generation = YES;
				INFOPLIST_KEY_UIApplicationSupportsIndirectInputEvents = YES;
				INFOPLIST_KEY_UILaunchScreen_Generation = YES;
				INFOPLIST_KEY_UISupportedInterfaceOrientations_iPad = "UIInterfaceOrientationPortrait UIInterfaceOrientationPortraitUpsideDown UIInterfaceOrientationLandscapeLeft UIInterfaceOrientationLandscapeRight";
				INFOPLIST_KEY_UISupportedInterfaceOrientations_iPhone = "UIInterfaceOrientationPortrait UIInterfaceOrientationLandscapeLeft UIInterfaceOrientationLandscapeRight";
				LD_RUNPATH_SEARCH_PATHS = (
					"$(inherited)",
					"@executable_path/Frameworks",
				);
				MARKETING_VERSION = 1.0;
				PRODUCT_BUNDLE_IDENTIFIER = "k.Profile-Page";
				PRODUCT_NAME = "$(TARGET_NAME)";
				SWIFT_EMIT_LOC_STRINGS = YES;
				SWIFT_VERSION = 5.0;
				TARGETED_DEVICE_FAMILY = "1,2";
			};
			name = Debug;
		};
		D61DB4952C90C88A001CC836 /* Release */ = {
			isa = XCBuildConfiguration;
			buildSettings = {
				ASSETCATALOG_COMPILER_APPICON_NAME = AppIcon;
				ASSETCATALOG_COMPILER_GLOBAL_ACCENT_COLOR_NAME = AccentColor;
				CODE_SIGN_STYLE = Automatic;
				CURRENT_PROJECT_VERSION = 1;
				DEVELOPMENT_ASSET_PATHS = "\"Profile Page/Preview Content\"";
				ENABLE_PREVIEWS = YES;
				GENERATE_INFOPLIST_FILE = YES;
				INFOPLIST_KEY_UIApplicationSceneManifest_Generation = YES;
				INFOPLIST_KEY_UIApplicationSupportsIndirectInputEvents = YES;
				INFOPLIST_KEY_UILaunchScreen_Generation = YES;
				INFOPLIST_KEY_UISupportedInterfaceOrientations_iPad = "UIInterfaceOrientationPortrait UIInterfaceOrientationPortraitUpsideDown UIInterfaceOrientationLandscapeLeft UIInterfaceOrientationLandscapeRight";
				INFOPLIST_KEY_UISupportedInterfaceOrientations_iPhone = "UIInterfaceOrientationPortrait UIInterfaceOrientationLandscapeLeft UIInterfaceOrientationLandscapeRight";
				LD_RUNPATH_SEARCH_PATHS = (
					"$(inherited)",
					"@executable_path/Frameworks",
				);
				MARKETING_VERSION = 1.0;
				PRODUCT_BUNDLE_IDENTIFIER = "k.Profile-Page";
				PRODUCT_NAME = "$(TARGET_NAME)";
				SWIFT_EMIT_LOC_STRINGS = YES;
				SWIFT_VERSION = 5.0;
				TARGETED_DEVICE_FAMILY = "1,2";
			};
			name = Release;
		};
		D61DB4972C90C88A001CC836 /* Debug */ = {
			isa = XCBuildConfiguration;
			buildSettings = {
				ALWAYS_EMBED_SWIFT_STANDARD_LIBRARIES = YES;
				BUNDLE_LOADER = "$(TEST_HOST)";
				CODE_SIGN_STYLE = Automatic;
				CURRENT_PROJECT_VERSION = 1;
				GENERATE_INFOPLIST_FILE = YES;
				IPHONEOS_DEPLOYMENT_TARGET = 17.5;
				MARKETING_VERSION = 1.0;
				PRODUCT_BUNDLE_IDENTIFIER = "k.Profile-PageTests";
				PRODUCT_NAME = "$(TARGET_NAME)";
				SWIFT_EMIT_LOC_STRINGS = NO;
				SWIFT_VERSION = 5.0;
				TARGETED_DEVICE_FAMILY = "1,2";
				TEST_HOST = "$(BUILT_PRODUCTS_DIR)/Profile Page.app/$(BUNDLE_EXECUTABLE_FOLDER_PATH)/Profile Page";
			};
			name = Debug;
		};
		D61DB4982C90C88A001CC836 /* Release */ = {
			isa = XCBuildConfiguration;
			buildSettings = {
				ALWAYS_EMBED_SWIFT_STANDARD_LIBRARIES = YES;
				BUNDLE_LOADER = "$(TEST_HOST)";
				CODE_SIGN_STYLE = Automatic;
				CURRENT_PROJECT_VERSION = 1;
				GENERATE_INFOPLIST_FILE = YES;
				IPHONEOS_DEPLOYMENT_TARGET = 17.5;
				MARKETING_VERSION = 1.0;
				PRODUCT_BUNDLE_IDENTIFIER = "k.Profile-PageTests";
				PRODUCT_NAME = "$(TARGET_NAME)";
				SWIFT_EMIT_LOC_STRINGS = NO;
				SWIFT_VERSION = 5.0;
				TARGETED_DEVICE_FAMILY = "1,2";
				TEST_HOST = "$(BUILT_PRODUCTS_DIR)/Profile Page.app/$(BUNDLE_EXECUTABLE_FOLDER_PATH)/Profile Page";
			};
			name = Release;
		};
		D61DB49A2C90C88A001CC836 /* Debug */ = {
			isa = XCBuildConfiguration;
			buildSettings = {
				ALWAYS_EMBED_SWIFT_STANDARD_LIBRARIES = YES;
				CODE_SIGN_STYLE = Automatic;
				CURRENT_PROJECT_VERSION = 1;
				GENERATE_INFOPLIST_FILE = YES;
				MARKETING_VERSION = 1.0;
				PRODUCT_BUNDLE_IDENTIFIER = "k.Profile-PageUITests";
				PRODUCT_NAME = "$(TARGET_NAME)";
				SWIFT_EMIT_LOC_STRINGS = NO;
				SWIFT_VERSION = 5.0;
				TARGETED_DEVICE_FAMILY = "1,2";
				TEST_TARGET_NAME = "Profile Page";
			};
			name = Debug;
		};
		D61DB49B2C90C88A001CC836 /* Release */ = {
			isa = XCBuildConfiguration;
			buildSettings = {
				ALWAYS_EMBED_SWIFT_STANDARD_LIBRARIES = YES;
				CODE_SIGN_STYLE = Automatic;
				CURRENT_PROJECT_VERSION = 1;
				GENERATE_INFOPLIST_FILE = YES;
				MARKETING_VERSION = 1.0;
				PRODUCT_BUNDLE_IDENTIFIER = "k.Profile-PageUITests";
				PRODUCT_NAME = "$(TARGET_NAME)";
				SWIFT_EMIT_LOC_STRINGS = NO;
				SWIFT_VERSION = 5.0;
				TARGETED_DEVICE_FAMILY = "1,2";
				TEST_TARGET_NAME = "Profile Page";
			};
			name = Release;
		};
/* End XCBuildConfiguration section */

/* Begin XCConfigurationList section */
		D61DB46A2C90C888001CC836 /* Build configuration list for PBXProject "Profile Page" */ = {
			isa = XCConfigurationList;
			buildConfigurations = (
				D61DB4912C90C88A001CC836 /* Debug */,
				D61DB4922C90C88A001CC836 /* Release */,
			);
			defaultConfigurationIsVisible = 0;
			defaultConfigurationName = Release;
		};
		D61DB4932C90C88A001CC836 /* Build configuration list for PBXNativeTarget "Profile Page" */ = {
			isa = XCConfigurationList;
			buildConfigurations = (
				D61DB4942C90C88A001CC836 /* Debug */,
				D61DB4952C90C88A001CC836 /* Release */,
			);
			defaultConfigurationIsVisible = 0;
			defaultConfigurationName = Release;
		};
		D61DB4962C90C88A001CC836 /* Build configuration list for PBXNativeTarget "Profile PageTests" */ = {
			isa = XCConfigurationList;
			buildConfigurations = (
				D61DB4972C90C88A001CC836 /* Debug */,
				D61DB4982C90C88A001CC836 /* Release */,
			);
			defaultConfigurationIsVisible = 0;
			defaultConfigurationName = Release;
		};
		D61DB4992C90C88A001CC836 /* Build configuration list for PBXNativeTarget "Profile PageUITests" */ = {
			isa = XCConfigurationList;
			buildConfigurations = (
				D61DB49A2C90C88A001CC836 /* Debug */,
				D61DB49B2C90C88A001CC836 /* Release */,
			);
			defaultConfigurationIsVisible = 0;
			defaultConfigurationName = Release;
		};
/* End XCConfigurationList section */
	};
	rootObject = D61DB4672C90C888001CC836 /* Project object */;
}
